
Microsoft Visual Studio Solution File, Format Version 12.00
# Visual Studio Version 16
VisualStudioVersion = 16.0.29609.76
MinimumVisualStudioVersion = 10.0.40219.1
Project("{9A19103F-16F7-4668-BE54-9A1E7A4F7556}") = "safnet.Identity.Api", "src\safnet.Identity.Api.csproj", "{76974856-A6E7-4D71-88B4-E6E68F3EF857}"
EndProject
Project("{9A19103F-16F7-4668-BE54-9A1E7A4F7556}") = "safnet.Identity.Api.UnitTests", "test\safnet.Identity.Api.UnitTests.csproj", "{18AB5940-0E99-4CD0-9A6C-165EA8F587F5}"
EndProject
Project("{9A19103F-16F7-4668-BE54-9A1E7A4F7556}") = "safnet.Identity.Database", "database\safnet.Identity.Database.csproj", "{F8B7668C-3BEC-40E1-9C7C-D356CEC9CC90}"
EndProject
Project("{2150E333-8FDC-42A3-9474-1A3956D46DE8}") = "Identity", "Identity", "{8D3536B3-6174-4980-BB56-ECF5DC7D622D}"
EndProject
Project("{2150E333-8FDC-42A3-9474-1A3956D46DE8}") = "Site", "Site", "{B4390678-C884-43CD-9398-A0EFDB300857}"
EndProject
Project("{9A19103F-16F7-4668-BE54-9A1E7A4F7556}") = "safnet.ReactDemo", "..\safnet.ReactDemo\safnet.ReactDemo.csproj", "{361AAB88-9E39-4A94-A4E1-508B7D0FB6E3}"
EndProject
Project("{2150E333-8FDC-42A3-9474-1A3956D46DE8}") = "Common", "Common", "{9D566AE9-9372-4CBF-9F18-5378EDF571C6}"
EndProject
Project("{9A19103F-16F7-4668-BE54-9A1E7A4F7556}") = "safnet.Common.Api", "..\safnet.Common.Api\src\safnet.Common.Api.csproj", "{4873A5CF-6557-45B9-8FBE-354C40C3BF0A}"
EndProject
Project("{9A19103F-16F7-4668-BE54-9A1E7A4F7556}") = "safnet.Common.Api.UnitTests", "..\safnet.Common.Api\test\safnet.Common.Api.UnitTests.csproj", "{95405D35-67CC-4D66-AF4F-EF37E8AE8AA6}"
EndProject
Global
	GlobalSection(SolutionConfigurationPlatforms) = preSolution
		Debug|Any CPU = Debug|Any CPU
		Release|Any CPU = Release|Any CPU
	EndGlobalSection
	GlobalSection(ProjectConfigurationPlatforms) = postSolution
		{76974856-A6E7-4D71-88B4-E6E68F3EF857}.Debug|Any CPU.ActiveCfg = Debug|Any CPU
		{76974856-A6E7-4D71-88B4-E6E68F3EF857}.Debug|Any CPU.Build.0 = Debug|Any CPU
		{76974856-A6E7-4D71-88B4-E6E68F3EF857}.Release|Any CPU.ActiveCfg = Release|Any CPU
		{76974856-A6E7-4D71-88B4-E6E68F3EF857}.Release|Any CPU.Build.0 = Release|Any CPU
		{18AB5940-0E99-4CD0-9A6C-165EA8F587F5}.Debug|Any CPU.ActiveCfg = Debug|Any CPU
		{18AB5940-0E99-4CD0-9A6C-165EA8F587F5}.Debug|Any CPU.Build.0 = Debug|Any CPU
		{18AB5940-0E99-4CD0-9A6C-165EA8F587F5}.Release|Any CPU.ActiveCfg = Release|Any CPU
		{18AB5940-0E99-4CD0-9A6C-165EA8F587F5}.Release|Any CPU.Build.0 = Release|Any CPU
		{F8B7668C-3BEC-40E1-9C7C-D356CEC9CC90}.Debug|Any CPU.ActiveCfg = Debug|Any CPU
		{F8B7668C-3BEC-40E1-9C7C-D356CEC9CC90}.Debug|Any CPU.Build.0 = Debug|Any CPU
		{F8B7668C-3BEC-40E1-9C7C-D356CEC9CC90}.Release|Any CPU.ActiveCfg = Release|Any CPU
		{F8B7668C-3BEC-40E1-9C7C-D356CEC9CC90}.Release|Any CPU.Build.0 = Release|Any CPU
		{361AAB88-9E39-4A94-A4E1-508B7D0FB6E3}.Debug|Any CPU.ActiveCfg = Debug|Any CPU
		{361AAB88-9E39-4A94-A4E1-508B7D0FB6E3}.Debug|Any CPU.Build.0 = Debug|Any CPU
		{361AAB88-9E39-4A94-A4E1-508B7D0FB6E3}.Release|Any CPU.ActiveCfg = Release|Any CPU
		{361AAB88-9E39-4A94-A4E1-508B7D0FB6E3}.Release|Any CPU.Build.0 = Release|Any CPU
		{4873A5CF-6557-45B9-8FBE-354C40C3BF0A}.Debug|Any CPU.ActiveCfg = Debug|Any CPU
		{4873A5CF-6557-45B9-8FBE-354C40C3BF0A}.Debug|Any CPU.Build.0 = Debug|Any CPU
		{4873A5CF-6557-45B9-8FBE-354C40C3BF0A}.Release|Any CPU.ActiveCfg = Release|Any CPU
		{4873A5CF-6557-45B9-8FBE-354C40C3BF0A}.Release|Any CPU.Build.0 = Release|Any CPU
		{95405D35-67CC-4D66-AF4F-EF37E8AE8AA6}.Debug|Any CPU.ActiveCfg = Debug|Any CPU
		{95405D35-67CC-4D66-AF4F-EF37E8AE8AA6}.Debug|Any CPU.Build.0 = Debug|Any CPU
		{95405D35-67CC-4D66-AF4F-EF37E8AE8AA6}.Release|Any CPU.ActiveCfg = Release|Any CPU
		{95405D35-67CC-4D66-AF4F-EF37E8AE8AA6}.Release|Any CPU.Build.0 = Release|Any CPU
	EndGlobalSection
	GlobalSection(SolutionProperties) = preSolution
		HideSolutionNode = FALSE
	EndGlobalSection
	GlobalSection(NestedProjects) = preSolution
		{76974856-A6E7-4D71-88B4-E6E68F3EF857} = {8D3536B3-6174-4980-BB56-ECF5DC7D622D}
		{18AB5940-0E99-4CD0-9A6C-165EA8F587F5} = {8D3536B3-6174-4980-BB56-ECF5DC7D622D}
		{F8B7668C-3BEC-40E1-9C7C-D356CEC9CC90} = {8D3536B3-6174-4980-BB56-ECF5DC7D622D}
		{361AAB88-9E39-4A94-A4E1-508B7D0FB6E3} = {B4390678-C884-43CD-9398-A0EFDB300857}
		{4873A5CF-6557-45B9-8FBE-354C40C3BF0A} = {9D566AE9-9372-4CBF-9F18-5378EDF571C6}
		{95405D35-67CC-4D66-AF4F-EF37E8AE8AA6} = {9D566AE9-9372-4CBF-9F18-5378EDF571C6}
	EndGlobalSection
	GlobalSection(ExtensibilityGlobals) = postSolution
		SolutionGuid = {F0F5C0D8-75B0-4523-A1C5-3F00001DC9E4}
	EndGlobalSection
EndGlobal
